{
  "lockfileVersion": 1,
  "workspaces": {
    "": {
      "name": "docs",
      "dependencies": {
        "@targoninc/jess": "^0.0.16",
        "@targoninc/jess-components": "^0.0.16",
        "dompurify": "^3.2.6",
        "dotenv": "^16.5.0",
        "highlight.js": "^11.11.1",
        "marked": "^15.0.12",
      },
      "devDependencies": {
        "@types/bun": "^1.2.17",
      },
      "peerDependencies": {
        "typescript": "^5",
      },
    },
  },
  "packages": {
    "@targoninc/jess": ["@targoninc/jess@0.0.16", "", { "peerDependencies": { "typescript": "^5" } }, "sha512-cKEkPsKQ9PfosdytFm1VMOGwjikRFpPmDWxPVnMTctPk9NNhp2zcNz7U9pM92RD35BbtsbVeBn8p/Mo7cJ5Vuw=="],

    "@targoninc/jess-components": ["@targoninc/jess-components@0.0.16", "", { "dependencies": { "@targoninc/jess": "^0.0.15" }, "peerDependencies": { "typescript": "^5" } }, "sha512-ig5Fw5EdCVDm7PXgfYH1TRXUZd84/PBhgdJxGH2BOxWnZ14kzQG1F5zcl83m5qXxk53GcU80bSrusfyf5KZlcA=="],

    "@types/bun": ["@types/bun@1.2.17", "", { "dependencies": { "bun-types": "1.2.17" } }, "sha512-l/BYs/JYt+cXA/0+wUhulYJB6a6p//GTPiJ7nV+QHa8iiId4HZmnu/3J/SowP5g0rTiERY2kfGKXEK5Ehltx4Q=="],

    "@types/node": ["@types/node@24.0.3", "", { "dependencies": { "undici-types": "~7.8.0" } }, "sha512-R4I/kzCYAdRLzfiCabn9hxWfbuHS573x+r0dJMkkzThEa7pbrcDWK+9zu3e7aBOouf+rQAciqPFMnxwr0aWgKg=="],

    "@types/trusted-types": ["@types/trusted-types@2.0.7", "", {}, "sha512-ScaPdn1dQczgbl0QFTeTOmVHFULt394XJgOQNoyVhZ6r2vLnMLJfBPd53SB52T/3G36VI1/g2MZaX0cwDuXsfw=="],

    "bun-types": ["bun-types@1.2.17", "", { "dependencies": { "@types/node": "*" } }, "sha512-ElC7ItwT3SCQwYZDYoAH+q6KT4Fxjl8DtZ6qDulUFBmXA8YB4xo+l54J9ZJN+k2pphfn9vk7kfubeSd5QfTVJQ=="],

    "dompurify": ["dompurify@3.2.6", "", { "optionalDependencies": { "@types/trusted-types": "^2.0.7" } }, "sha512-/2GogDQlohXPZe6D6NOgQvXLPSYBqIWMnZ8zzOhn09REE4eyAzb+Hed3jhoM9OkuaJ8P6ZGTTVWQKAi8ieIzfQ=="],

    "dotenv": ["dotenv@16.5.0", "", {}, "sha512-m/C+AwOAr9/W1UOIZUo232ejMNnJAJtYQjUbHoNTBNTJSvqzzDh7vnrei3o3r3m9blf6ZoDkvcw0VmozNRFJxg=="],

    "highlight.js": ["highlight.js@11.11.1", "", {}, "sha512-Xwwo44whKBVCYoliBQwaPvtd/2tYFkRQtXDWj1nackaV2JPXx3L0+Jvd8/qCJ2p+ML0/XVkJ2q+Mr+UVdpJK5w=="],

    "marked": ["marked@15.0.12", "", { "bin": { "marked": "bin/marked.js" } }, "sha512-8dD6FusOQSrpv9Z1rdNMdlSgQOIP880DHqnohobOmYLElGEqAL/JvxvuxZO16r4HtjTlfPRDC1hbvxC9dPN2nA=="],

    "typescript": ["typescript@5.8.3", "", { "bin": { "tsc": "bin/tsc", "tsserver": "bin/tsserver" } }, "sha512-p1diW6TqL9L07nNxvRMM7hMMw4c5XOo/1ibL4aAIGmSAt9slTE1Xgw5KWuof2uTOvCg9BY7ZRi+GaF+7sfgPeQ=="],

    "undici-types": ["undici-types@7.8.0", "", {}, "sha512-9UJ2xGDvQ43tYyVMpuHlsgApydB8ZKfVYTsLDhXkFL/6gfkp+U8xTGdh8pMJv1SpZna0zxG1DwsKZsreLbXBxw=="],

    "@targoninc/jess-components/@targoninc/jess": ["@targoninc/jess@0.0.15", "", { "peerDependencies": { "typescript": "^5" } }, "sha512-JIJuoc3Ewk+6y4MCfZCGRoGXtnB3MxHj9iG+HQ7to9r/bM08x9jwJ2rLfFtA/d7ZdAcnQWzGl57DRWNpfNe9Qw=="],
  }
}
